{
  "name": "as-json",
  "version": "1.0.0",
  "lockfileVersion": 2,
  "requires": true,
  "packages": {
    "": {
      "version": "1.0.0",
      "license": "ISC",
      "dependencies": {
        "@assemblyscript/loader": "^0.19",
        "@suborbital/suborbital": "^0.10.0",
        "json-as": "github:aspkg/as-json"
      },
      "devDependencies": {
        "assemblyscript": "^0.19"
      }
    },
    "node_modules/@assemblyscript/loader": {
      "version": "0.19.7",
      "resolved": "https://registry.npmjs.org/@assemblyscript/loader/-/loader-0.19.7.tgz",
      "integrity": "sha512-/BdvOMHnfW3uIHFEgDPRbmA+BoQjuYpjKIZgI3p4sG8Jxgy9UuQW7cQUFx7dRlFUk/SBVCoB8N7412NgKyctqg=="
    },
    "node_modules/@suborbital/suborbital": {
      "version": "0.10.0",
      "resolved": "https://registry.npmjs.org/@suborbital/suborbital/-/suborbital-0.10.0.tgz",
      "integrity": "sha512-Ggy58dYcqT3pBTvr6nOFuMyLKgsHFjdbz/B/UjPi0tHOQ3n91g0lwOcsIGq3Rlu01FW7ppseSAKkPe2zhvP67w==",
      "dependencies": {
        "@assemblyscript/loader": "^0.19"
      }
    },
    "node_modules/assemblyscript": {
      "version": "0.19.7",
      "resolved": "https://registry.npmjs.org/assemblyscript/-/assemblyscript-0.19.7.tgz",
      "integrity": "sha512-0Vs27D9yIqxbwAx/zp2CNMCgR/Aa2cQlMZO+ctW30rhQ0/UOS/J9PkFXRxUVNMYj0xwEMT/Cq6l9flXO2ZJFcQ==",
      "dev": true,
      "dependencies": {
        "binaryen": "101.0.0-nightly.20210703",
        "long": "^4.0.0"
      },
      "bin": {
        "asc": "bin/asc",
        "asinit": "bin/asinit"
      },
      "funding": {
        "type": "opencollective",
        "url": "https://opencollective.com/assemblyscript"
      }
    },
    "node_modules/binaryen": {
      "version": "101.0.0-nightly.20210703",
      "resolved": "https://registry.npmjs.org/binaryen/-/binaryen-101.0.0-nightly.20210703.tgz",
      "integrity": "sha512-7iuRy/aSsd8BlO0ZOG4GqDI8z66UhazD10eeC3i14SOhZJ+MLC3I+BX5ydr3nk9g5j2PDGndxuYvm0gy+VJHYg==",
      "dev": true,
      "bin": {
        "wasm-opt": "bin/wasm-opt"
      }
    },
    "node_modules/json-as": {
      "version": "0.1.1",
      "resolved": "git+ssh://git@github.com/aspkg/as-json.git#f5b00039ed9cd0b95f21bec0c85abf5cdbb32e3b",
      "license": "MIT",
      "dependencies": {
        "visitor-as": "^0.6.0"
      }
    },
    "node_modules/json-as/node_modules/assemblyscript": {
      "version": "0.18.32",
      "resolved": "https://registry.npmjs.org/assemblyscript/-/assemblyscript-0.18.32.tgz",
      "integrity": "sha512-Py6zremwGhO3nSoI/VxyVUzTZfNhTjzNzFDaUdG4JhPJHeG+FzVlEoNCrw4bE5nPc7F+P2DJ8tZQCqIt15ceKw==",
      "peer": true,
      "dependencies": {
        "binaryen": "100.0.0-nightly.20210413",
        "long": "^4.0.0"
      },
      "bin": {
        "asc": "bin/asc",
        "asinit": "bin/asinit"
      },
      "funding": {
        "type": "opencollective",
        "url": "https://opencollective.com/assemblyscript"
      }
    },
    "node_modules/json-as/node_modules/binaryen": {
      "version": "100.0.0-nightly.20210413",
      "resolved": "https://registry.npmjs.org/binaryen/-/binaryen-100.0.0-nightly.20210413.tgz",
      "integrity": "sha512-EeGLIxQmJS0xnYl+SH34mNBqVMoixKd9nsE7S7z+CtS9A4eoWn3Qjav+XElgunUgXIHAI5yLnYT2TUGnLX2f1w==",
      "peer": true,
      "bin": {
        "wasm-opt": "bin/wasm-opt"
      }
    },
    "node_modules/json-as/node_modules/visitor-as": {
      "version": "0.6.0",
      "resolved": "https://registry.npmjs.org/visitor-as/-/visitor-as-0.6.0.tgz",
      "integrity": "sha512-4WcnwCLXWjhNkwJj9gSqh46sdIv9CyIvnSuwr61OOfrGCtN2mKcW5KE828OeEr1rYjEy0Z/CIdPBJKJRLsUgDA==",
      "dependencies": {
        "lodash.clonedeep": "^4.5.0",
        "ts-mixer": "^5.4.1"
      },
      "peerDependencies": {
        "assemblyscript": "^0.18.31"
      }
    },
    "node_modules/lodash.clonedeep": {
      "version": "4.5.0",
      "resolved": "https://registry.npmjs.org/lodash.clonedeep/-/lodash.clonedeep-4.5.0.tgz",
      "integrity": "sha1-4j8/nE+Pvd6HJSnBBxhXoIblzO8="
    },
    "node_modules/long": {
      "version": "4.0.0",
      "resolved": "https://registry.npmjs.org/long/-/long-4.0.0.tgz",
      "integrity": "sha512-XsP+KhQif4bjX1kbuSiySJFNAehNxgLb6hPRGJ9QsUr8ajHkuXGdrHmFUTUUXhDwVX2R5bY4JNZEwbUiMhV+MA=="
    },
    "node_modules/ts-mixer": {
      "version": "5.4.1",
      "resolved": "https://registry.npmjs.org/ts-mixer/-/ts-mixer-5.4.1.tgz",
      "integrity": "sha512-Zo9HgPCtNouDgJ+LGtrzVOjSg8+7WGQktIKLwAfaNrlOK1mWGlz1ejsAF/YqUEqAGjUTeB5fEg8gH9Aui6w9xA=="
    }
  },
  "dependencies": {
    "@assemblyscript/loader": {
      "version": "0.19.7",
      "resolved": "https://registry.npmjs.org/@assemblyscript/loader/-/loader-0.19.7.tgz",
      "integrity": "sha512-/BdvOMHnfW3uIHFEgDPRbmA+BoQjuYpjKIZgI3p4sG8Jxgy9UuQW7cQUFx7dRlFUk/SBVCoB8N7412NgKyctqg=="
    },
    "@suborbital/suborbital": {
      "version": "0.10.0",
      "resolved": "https://registry.npmjs.org/@suborbital/suborbital/-/suborbital-0.10.0.tgz",
      "integrity": "sha512-Ggy58dYcqT3pBTvr6nOFuMyLKgsHFjdbz/B/UjPi0tHOQ3n91g0lwOcsIGq3Rlu01FW7ppseSAKkPe2zhvP67w==",
      "requires": {
        "@assemblyscript/loader": "^0.19"
      }
    },
    "assemblyscript": {
      "version": "0.19.7",
      "resolved": "https://registry.npmjs.org/assemblyscript/-/assemblyscript-0.19.7.tgz",
      "integrity": "sha512-0Vs27D9yIqxbwAx/zp2CNMCgR/Aa2cQlMZO+ctW30rhQ0/UOS/J9PkFXRxUVNMYj0xwEMT/Cq6l9flXO2ZJFcQ==",
      "dev": true,
      "requires": {
        "binaryen": "101.0.0-nightly.20210703",
        "long": "^4.0.0"
      }
    },
    "binaryen": {
      "version": "101.0.0-nightly.20210703",
      "resolved": "https://registry.npmjs.org/binaryen/-/binaryen-101.0.0-nightly.20210703.tgz",
      "integrity": "sha512-7iuRy/aSsd8BlO0ZOG4GqDI8z66UhazD10eeC3i14SOhZJ+MLC3I+BX5ydr3nk9g5j2PDGndxuYvm0gy+VJHYg==",
      "dev": true
    },
    "json-as": {
      "version": "git+ssh://git@github.com/aspkg/as-json.git#f5b00039ed9cd0b95f21bec0c85abf5cdbb32e3b",
      "from": "json-as@github:aspkg/as-json",
      "requires": {
        "visitor-as": "^0.6.0"
      },
      "dependencies": {
        "assemblyscript": {
          "version": "0.18.32",
          "resolved": "https://registry.npmjs.org/assemblyscript/-/assemblyscript-0.18.32.tgz",
          "integrity": "sha512-Py6zremwGhO3nSoI/VxyVUzTZfNhTjzNzFDaUdG4JhPJHeG+FzVlEoNCrw4bE5nPc7F+P2DJ8tZQCqIt15ceKw==",
          "peer": true,
          "requires": {
            "binaryen": "100.0.0-nightly.20210413",
            "long": "^4.0.0"
          }
        },
        "binaryen": {
          "version": "100.0.0-nightly.20210413",
          "resolved": "https://registry.npmjs.org/binaryen/-/binaryen-100.0.0-nightly.20210413.tgz",
          "integrity": "sha512-EeGLIxQmJS0xnYl+SH34mNBqVMoixKd9nsE7S7z+CtS9A4eoWn3Qjav+XElgunUgXIHAI5yLnYT2TUGnLX2f1w==",
          "peer": true
        },
        "visitor-as": {
          "version": "0.6.0",
          "resolved": "https://registry.npmjs.org/visitor-as/-/visitor-as-0.6.0.tgz",
          "integrity": "sha512-4WcnwCLXWjhNkwJj9gSqh46sdIv9CyIvnSuwr61OOfrGCtN2mKcW5KE828OeEr1rYjEy0Z/CIdPBJKJRLsUgDA==",
          "requires": {
            "lodash.clonedeep": "^4.5.0",
            "ts-mixer": "^5.4.1"
          }
        }
      }
    },
    "lodash.clonedeep": {
      "version": "4.5.0",
      "resolved": "https://registry.npmjs.org/lodash.clonedeep/-/lodash.clonedeep-4.5.0.tgz",
      "integrity": "sha1-4j8/nE+Pvd6HJSnBBxhXoIblzO8="
    },
    "long": {
      "version": "4.0.0",
      "resolved": "https://registry.npmjs.org/long/-/long-4.0.0.tgz",
      "integrity": "sha512-XsP+KhQif4bjX1kbuSiySJFNAehNxgLb6hPRGJ9QsUr8ajHkuXGdrHmFUTUUXhDwVX2R5bY4JNZEwbUiMhV+MA=="
    },
    "ts-mixer": {
      "version": "5.4.1",
      "resolved": "https://registry.npmjs.org/ts-mixer/-/ts-mixer-5.4.1.tgz",
      "integrity": "sha512-Zo9HgPCtNouDgJ+LGtrzVOjSg8+7WGQktIKLwAfaNrlOK1mWGlz1ejsAF/YqUEqAGjUTeB5fEg8gH9Aui6w9xA=="
    }
  }
}
