{
  "name": "as-json",
  "version": "1.0.0",
  "lockfileVersion": 2,
  "requires": true,
  "packages": {
    "": {
      "version": "1.0.0",
      "license": "ISC",
      "dependencies": {
        "@assemblyscript/loader": "^0.19",
        "@suborbital/suborbital": "^0.10.0",
        "json-as": "github:aspkg/as-json",
        "source-map-support": "^0.5.19"
      },
      "devDependencies": {
        "assemblyscript": "^0.19"
      }
    },
    "node_modules/@assemblyscript/loader": {
      "version": "0.19.7",
      "resolved": "https://registry.npmjs.org/@assemblyscript/loader/-/loader-0.19.7.tgz",
      "integrity": "sha512-/BdvOMHnfW3uIHFEgDPRbmA+BoQjuYpjKIZgI3p4sG8Jxgy9UuQW7cQUFx7dRlFUk/SBVCoB8N7412NgKyctqg=="
    },
    "node_modules/@suborbital/suborbital": {
      "version": "0.10.0",
      "resolved": "https://registry.npmjs.org/@suborbital/suborbital/-/suborbital-0.10.0.tgz",
      "integrity": "sha512-Ggy58dYcqT3pBTvr6nOFuMyLKgsHFjdbz/B/UjPi0tHOQ3n91g0lwOcsIGq3Rlu01FW7ppseSAKkPe2zhvP67w==",
      "dependencies": {
        "@assemblyscript/loader": "^0.19"
      }
    },
    "node_modules/as-wasi": {
      "version": "0.4.6",
      "resolved": "https://registry.npmjs.org/as-wasi/-/as-wasi-0.4.6.tgz",
      "integrity": "sha512-HFWdxLVHrOfchf/M+gE2IczsHBkWXqekZZfHYmDj6WP1UnpQC4k44OeyjqmSwC/db1tppEwCUssDCuFGnMdJZw=="
    },
    "node_modules/assemblyscript": {
      "version": "0.19.7",
      "resolved": "https://registry.npmjs.org/assemblyscript/-/assemblyscript-0.19.7.tgz",
      "integrity": "sha512-0Vs27D9yIqxbwAx/zp2CNMCgR/Aa2cQlMZO+ctW30rhQ0/UOS/J9PkFXRxUVNMYj0xwEMT/Cq6l9flXO2ZJFcQ==",
      "dev": true,
      "dependencies": {
        "binaryen": "101.0.0-nightly.20210703",
        "long": "^4.0.0"
      },
      "bin": {
        "asc": "bin/asc",
        "asinit": "bin/asinit"
      },
      "funding": {
        "type": "opencollective",
        "url": "https://opencollective.com/assemblyscript"
      }
    },
    "node_modules/binaryen": {
      "version": "101.0.0-nightly.20210703",
      "resolved": "https://registry.npmjs.org/binaryen/-/binaryen-101.0.0-nightly.20210703.tgz",
      "integrity": "sha512-7iuRy/aSsd8BlO0ZOG4GqDI8z66UhazD10eeC3i14SOhZJ+MLC3I+BX5ydr3nk9g5j2PDGndxuYvm0gy+VJHYg==",
      "dev": true,
      "bin": {
        "wasm-opt": "bin/wasm-opt"
      }
    },
    "node_modules/buffer-from": {
      "version": "1.1.1",
      "resolved": "https://registry.npmjs.org/buffer-from/-/buffer-from-1.1.1.tgz",
      "integrity": "sha512-MQcXEUbCKtEo7bhqEs6560Hyd4XaovZlO/k9V3hjVUF/zwW7KBVdSK4gIt/bzwS9MbR5qob+F5jusZsb0YQK2A=="
    },
    "node_modules/isarray": {
      "version": "1.0.0",
      "resolved": "https://registry.npmjs.org/isarray/-/isarray-1.0.0.tgz",
      "integrity": "sha1-u5NdSFgsuhaMBoNJV6VKPgcSTxE="
    },
    "node_modules/isobject": {
      "version": "2.1.0",
      "resolved": "https://registry.npmjs.org/isobject/-/isobject-2.1.0.tgz",
      "integrity": "sha1-8GVWEJaj8dou9GJy+BXIQNh+DIk=",
      "dependencies": {
        "isarray": "1.0.0"
      },
      "engines": {
        "node": ">=0.10.0"
      }
    },
    "node_modules/json-as": {
      "version": "0.1.0",
      "resolved": "git+ssh://git@github.com/aspkg/as-json.git#fed5660b8f577bb43c16462b8e4aa1a1de482574",
      "license": "MIT",
      "dependencies": {
        "as-wasi": "^0.4.5",
        "line-column": "^1.0.2",
        "visitor-as": "^0.6.0"
      }
    },
    "node_modules/json-as/node_modules/assemblyscript": {
      "version": "0.18.32",
      "resolved": "https://registry.npmjs.org/assemblyscript/-/assemblyscript-0.18.32.tgz",
      "integrity": "sha512-Py6zremwGhO3nSoI/VxyVUzTZfNhTjzNzFDaUdG4JhPJHeG+FzVlEoNCrw4bE5nPc7F+P2DJ8tZQCqIt15ceKw==",
      "peer": true,
      "dependencies": {
        "binaryen": "100.0.0-nightly.20210413",
        "long": "^4.0.0"
      },
      "bin": {
        "asc": "bin/asc",
        "asinit": "bin/asinit"
      },
      "funding": {
        "type": "opencollective",
        "url": "https://opencollective.com/assemblyscript"
      }
    },
    "node_modules/json-as/node_modules/binaryen": {
      "version": "100.0.0-nightly.20210413",
      "resolved": "https://registry.npmjs.org/binaryen/-/binaryen-100.0.0-nightly.20210413.tgz",
      "integrity": "sha512-EeGLIxQmJS0xnYl+SH34mNBqVMoixKd9nsE7S7z+CtS9A4eoWn3Qjav+XElgunUgXIHAI5yLnYT2TUGnLX2f1w==",
      "peer": true,
      "bin": {
        "wasm-opt": "bin/wasm-opt"
      }
    },
    "node_modules/json-as/node_modules/visitor-as": {
      "version": "0.6.0",
      "resolved": "https://registry.npmjs.org/visitor-as/-/visitor-as-0.6.0.tgz",
      "integrity": "sha512-4WcnwCLXWjhNkwJj9gSqh46sdIv9CyIvnSuwr61OOfrGCtN2mKcW5KE828OeEr1rYjEy0Z/CIdPBJKJRLsUgDA==",
      "dependencies": {
        "lodash.clonedeep": "^4.5.0",
        "ts-mixer": "^5.4.1"
      },
      "peerDependencies": {
        "assemblyscript": "^0.18.31"
      }
    },
    "node_modules/line-column": {
      "version": "1.0.2",
      "resolved": "https://registry.npmjs.org/line-column/-/line-column-1.0.2.tgz",
      "integrity": "sha1-0lryk2tvSEkXKzEuR5LR2Ye8NKI=",
      "dependencies": {
        "isarray": "^1.0.0",
        "isobject": "^2.0.0"
      }
    },
    "node_modules/lodash.clonedeep": {
      "version": "4.5.0",
      "resolved": "https://registry.npmjs.org/lodash.clonedeep/-/lodash.clonedeep-4.5.0.tgz",
      "integrity": "sha1-4j8/nE+Pvd6HJSnBBxhXoIblzO8="
    },
    "node_modules/long": {
      "version": "4.0.0",
      "resolved": "https://registry.npmjs.org/long/-/long-4.0.0.tgz",
      "integrity": "sha512-XsP+KhQif4bjX1kbuSiySJFNAehNxgLb6hPRGJ9QsUr8ajHkuXGdrHmFUTUUXhDwVX2R5bY4JNZEwbUiMhV+MA=="
    },
    "node_modules/source-map": {
      "version": "0.6.1",
      "resolved": "https://registry.npmjs.org/source-map/-/source-map-0.6.1.tgz",
      "integrity": "sha512-UjgapumWlbMhkBgzT7Ykc5YXUT46F0iKu8SGXq0bcwP5dz/h0Plj6enJqjz1Zbq2l5WaqYnrVbwWOWMyF3F47g==",
      "engines": {
        "node": ">=0.10.0"
      }
    },
    "node_modules/source-map-support": {
      "version": "0.5.19",
      "resolved": "https://registry.npmjs.org/source-map-support/-/source-map-support-0.5.19.tgz",
      "integrity": "sha512-Wonm7zOCIJzBGQdB+thsPar0kYuCIzYvxZwlBa87yi/Mdjv7Tip2cyVbLj5o0cFPN4EVkuTwb3GDDyUx2DGnGw==",
      "dependencies": {
        "buffer-from": "^1.0.0",
        "source-map": "^0.6.0"
      }
    },
    "node_modules/ts-mixer": {
      "version": "5.4.1",
      "resolved": "https://registry.npmjs.org/ts-mixer/-/ts-mixer-5.4.1.tgz",
      "integrity": "sha512-Zo9HgPCtNouDgJ+LGtrzVOjSg8+7WGQktIKLwAfaNrlOK1mWGlz1ejsAF/YqUEqAGjUTeB5fEg8gH9Aui6w9xA=="
    }
  },
  "dependencies": {
    "@assemblyscript/loader": {
      "version": "0.19.7",
      "resolved": "https://registry.npmjs.org/@assemblyscript/loader/-/loader-0.19.7.tgz",
      "integrity": "sha512-/BdvOMHnfW3uIHFEgDPRbmA+BoQjuYpjKIZgI3p4sG8Jxgy9UuQW7cQUFx7dRlFUk/SBVCoB8N7412NgKyctqg=="
    },
    "@suborbital/suborbital": {
      "version": "0.10.0",
      "resolved": "https://registry.npmjs.org/@suborbital/suborbital/-/suborbital-0.10.0.tgz",
      "integrity": "sha512-Ggy58dYcqT3pBTvr6nOFuMyLKgsHFjdbz/B/UjPi0tHOQ3n91g0lwOcsIGq3Rlu01FW7ppseSAKkPe2zhvP67w==",
      "requires": {
        "@assemblyscript/loader": "^0.19"
      }
    },
    "as-wasi": {
      "version": "0.4.6",
      "resolved": "https://registry.npmjs.org/as-wasi/-/as-wasi-0.4.6.tgz",
      "integrity": "sha512-HFWdxLVHrOfchf/M+gE2IczsHBkWXqekZZfHYmDj6WP1UnpQC4k44OeyjqmSwC/db1tppEwCUssDCuFGnMdJZw=="
    },
    "assemblyscript": {
      "version": "0.19.7",
      "resolved": "https://registry.npmjs.org/assemblyscript/-/assemblyscript-0.19.7.tgz",
      "integrity": "sha512-0Vs27D9yIqxbwAx/zp2CNMCgR/Aa2cQlMZO+ctW30rhQ0/UOS/J9PkFXRxUVNMYj0xwEMT/Cq6l9flXO2ZJFcQ==",
      "dev": true,
      "requires": {
        "binaryen": "101.0.0-nightly.20210703",
        "long": "^4.0.0"
      }
    },
    "binaryen": {
      "version": "101.0.0-nightly.20210703",
      "resolved": "https://registry.npmjs.org/binaryen/-/binaryen-101.0.0-nightly.20210703.tgz",
      "integrity": "sha512-7iuRy/aSsd8BlO0ZOG4GqDI8z66UhazD10eeC3i14SOhZJ+MLC3I+BX5ydr3nk9g5j2PDGndxuYvm0gy+VJHYg==",
      "dev": true
    },
    "buffer-from": {
      "version": "1.1.1",
      "resolved": "https://registry.npmjs.org/buffer-from/-/buffer-from-1.1.1.tgz",
      "integrity": "sha512-MQcXEUbCKtEo7bhqEs6560Hyd4XaovZlO/k9V3hjVUF/zwW7KBVdSK4gIt/bzwS9MbR5qob+F5jusZsb0YQK2A=="
    },
    "isarray": {
      "version": "1.0.0",
      "resolved": "https://registry.npmjs.org/isarray/-/isarray-1.0.0.tgz",
      "integrity": "sha1-u5NdSFgsuhaMBoNJV6VKPgcSTxE="
    },
    "isobject": {
      "version": "2.1.0",
      "resolved": "https://registry.npmjs.org/isobject/-/isobject-2.1.0.tgz",
      "integrity": "sha1-8GVWEJaj8dou9GJy+BXIQNh+DIk=",
      "requires": {
        "isarray": "1.0.0"
      }
    },
    "json-as": {
      "version": "git+ssh://git@github.com/aspkg/as-json.git#fed5660b8f577bb43c16462b8e4aa1a1de482574",
      "from": "json-as@github:aspkg/as-json",
      "requires": {
        "as-wasi": "^0.4.5",
        "line-column": "^1.0.2",
        "visitor-as": "^0.6.0"
      },
      "dependencies": {
        "assemblyscript": {
          "version": "0.18.32",
          "resolved": "https://registry.npmjs.org/assemblyscript/-/assemblyscript-0.18.32.tgz",
          "integrity": "sha512-Py6zremwGhO3nSoI/VxyVUzTZfNhTjzNzFDaUdG4JhPJHeG+FzVlEoNCrw4bE5nPc7F+P2DJ8tZQCqIt15ceKw==",
          "peer": true,
          "requires": {
            "binaryen": "100.0.0-nightly.20210413",
            "long": "^4.0.0"
          }
        },
        "binaryen": {
          "version": "100.0.0-nightly.20210413",
          "resolved": "https://registry.npmjs.org/binaryen/-/binaryen-100.0.0-nightly.20210413.tgz",
          "integrity": "sha512-EeGLIxQmJS0xnYl+SH34mNBqVMoixKd9nsE7S7z+CtS9A4eoWn3Qjav+XElgunUgXIHAI5yLnYT2TUGnLX2f1w==",
          "peer": true
        },
        "visitor-as": {
          "version": "0.6.0",
          "resolved": "https://registry.npmjs.org/visitor-as/-/visitor-as-0.6.0.tgz",
          "integrity": "sha512-4WcnwCLXWjhNkwJj9gSqh46sdIv9CyIvnSuwr61OOfrGCtN2mKcW5KE828OeEr1rYjEy0Z/CIdPBJKJRLsUgDA==",
          "requires": {
            "lodash.clonedeep": "^4.5.0",
            "ts-mixer": "^5.4.1"
          }
        }
      }
    },
    "line-column": {
      "version": "1.0.2",
      "resolved": "https://registry.npmjs.org/line-column/-/line-column-1.0.2.tgz",
      "integrity": "sha1-0lryk2tvSEkXKzEuR5LR2Ye8NKI=",
      "requires": {
        "isarray": "^1.0.0",
        "isobject": "^2.0.0"
      }
    },
    "lodash.clonedeep": {
      "version": "4.5.0",
      "resolved": "https://registry.npmjs.org/lodash.clonedeep/-/lodash.clonedeep-4.5.0.tgz",
      "integrity": "sha1-4j8/nE+Pvd6HJSnBBxhXoIblzO8="
    },
    "long": {
      "version": "4.0.0",
      "resolved": "https://registry.npmjs.org/long/-/long-4.0.0.tgz",
      "integrity": "sha512-XsP+KhQif4bjX1kbuSiySJFNAehNxgLb6hPRGJ9QsUr8ajHkuXGdrHmFUTUUXhDwVX2R5bY4JNZEwbUiMhV+MA=="
    },
    "source-map": {
      "version": "0.6.1",
      "resolved": "https://registry.npmjs.org/source-map/-/source-map-0.6.1.tgz",
      "integrity": "sha512-UjgapumWlbMhkBgzT7Ykc5YXUT46F0iKu8SGXq0bcwP5dz/h0Plj6enJqjz1Zbq2l5WaqYnrVbwWOWMyF3F47g=="
    },
    "source-map-support": {
      "version": "0.5.19",
      "resolved": "https://registry.npmjs.org/source-map-support/-/source-map-support-0.5.19.tgz",
      "integrity": "sha512-Wonm7zOCIJzBGQdB+thsPar0kYuCIzYvxZwlBa87yi/Mdjv7Tip2cyVbLj5o0cFPN4EVkuTwb3GDDyUx2DGnGw==",
      "requires": {
        "buffer-from": "^1.0.0",
        "source-map": "^0.6.0"
      }
    },
    "ts-mixer": {
      "version": "5.4.1",
      "resolved": "https://registry.npmjs.org/ts-mixer/-/ts-mixer-5.4.1.tgz",
      "integrity": "sha512-Zo9HgPCtNouDgJ+LGtrzVOjSg8+7WGQktIKLwAfaNrlOK1mWGlz1ejsAF/YqUEqAGjUTeB5fEg8gH9Aui6w9xA=="
    }
  }
}
