{
  "name": "@suborbital/suborbital",
  "version": "0.10.0",
  "lockfileVersion": 2,
  "requires": true,
  "packages": {
    "": {
      "name": "@suborbital/suborbital",
      "version": "0.10.0",
      "license": "Apache-2.0",
      "dependencies": {
        "@assemblyscript/loader": "^0.19"
      },
      "devDependencies": {
        "assemblyscript": "^0.19"
      }
    },
    "node_modules/@assemblyscript/loader": {
      "version": "0.19.2",
      "resolved": "https://registry.npmjs.org/@assemblyscript/loader/-/loader-0.19.2.tgz",
      "integrity": "sha512-vLCJy4n/55ShcrgZQwkr/KMiMPcZZ8M4DypXz6aw6bjzLv7zuyYv7lF68rTr4z4GhExC7WpUwTfyQ03BJffmfA==",
      "license": "Apache-2.0"
    },
    "node_modules/assemblyscript": {
      "version": "0.19.2",
      "resolved": "https://registry.npmjs.org/assemblyscript/-/assemblyscript-0.19.2.tgz",
      "integrity": "sha512-0ETRv6oSOhqgPmf23KrD+111QL685IxY/k3UHlC7NzGK2VAi+3Em1U2E06zCPnb45tjUD86wBANlDJDGEZisBg==",
      "dev": true,
      "dependencies": {
        "binaryen": "101.0.0-nightly.20210604",
        "long": "^4.0.0"
      },
      "bin": {
        "asc": "bin/asc",
        "asinit": "bin/asinit"
      },
      "funding": {
        "type": "opencollective",
        "url": "https://opencollective.com/assemblyscript"
      }
    },
    "node_modules/binaryen": {
      "version": "101.0.0-nightly.20210604",
      "resolved": "https://registry.npmjs.org/binaryen/-/binaryen-101.0.0-nightly.20210604.tgz",
      "integrity": "sha512-aTgX1JDN8m3tTFK8g9hazJcEOdQl7mK4yVfElkKAh7q+TRUCaea4a2SMLr1z2xZL7s9N4lkrvrBblxRuEPvxWQ==",
      "dev": true,
      "bin": {
        "wasm-opt": "bin/wasm-opt"
      }
    },
    "node_modules/long": {
      "version": "4.0.0",
      "resolved": "https://registry.npmjs.org/long/-/long-4.0.0.tgz",
      "integrity": "sha512-XsP+KhQif4bjX1kbuSiySJFNAehNxgLb6hPRGJ9QsUr8ajHkuXGdrHmFUTUUXhDwVX2R5bY4JNZEwbUiMhV+MA==",
      "dev": true
    }
  },
  "dependencies": {
    "@assemblyscript/loader": {
      "version": "0.19.2",
      "resolved": "https://registry.npmjs.org/@assemblyscript/loader/-/loader-0.19.2.tgz",
      "integrity": "sha512-vLCJy4n/55ShcrgZQwkr/KMiMPcZZ8M4DypXz6aw6bjzLv7zuyYv7lF68rTr4z4GhExC7WpUwTfyQ03BJffmfA=="
    },
    "assemblyscript": {
      "version": "0.19.2",
      "resolved": "https://registry.npmjs.org/assemblyscript/-/assemblyscript-0.19.2.tgz",
      "integrity": "sha512-0ETRv6oSOhqgPmf23KrD+111QL685IxY/k3UHlC7NzGK2VAi+3Em1U2E06zCPnb45tjUD86wBANlDJDGEZisBg==",
      "dev": true,
      "requires": {
        "binaryen": "101.0.0-nightly.20210604",
        "long": "^4.0.0"
      }
    },
    "binaryen": {
      "version": "101.0.0-nightly.20210604",
      "resolved": "https://registry.npmjs.org/binaryen/-/binaryen-101.0.0-nightly.20210604.tgz",
      "integrity": "sha512-aTgX1JDN8m3tTFK8g9hazJcEOdQl7mK4yVfElkKAh7q+TRUCaea4a2SMLr1z2xZL7s9N4lkrvrBblxRuEPvxWQ==",
      "dev": true
    },
    "long": {
      "version": "4.0.0",
      "resolved": "https://registry.npmjs.org/long/-/long-4.0.0.tgz",
      "integrity": "sha512-XsP+KhQif4bjX1kbuSiySJFNAehNxgLb6hPRGJ9QsUr8ajHkuXGdrHmFUTUUXhDwVX2R5bY4JNZEwbUiMhV+MA==",
      "dev": true
    }
  }
}
